
Microsoft Visual Studio Solution File, Format Version 12.00
# Visual Studio 2013
VisualStudioVersion = 12.0.21005.1
MinimumVisualStudioVersion = 10.0.40219.1
Project("{FAE04EC0-301F-11D3-BF4B-00C04F79EFBC}") = "OpenOSC", "OpenOSC.csproj", "{56E21F7A-5816-4D54-AFE0-8C066F0CD87B}"
EndProject
Project("{911E67C6-3D85-4FCE-B560-20A9C3E3FF48}") = "OUTLOOK", "C:\Program Files\Microsoft Office 15\root\office15\OUTLOOK.EXE", "{8AF67565-8228-47D6-92E9-3598F457F635}"
	ProjectSection(DebuggerProjectSystem) = preProject
		PortSupplier = 00000000-0000-0000-0000-000000000000
		Executable = C:\Program Files\Microsoft Office 15\root\office15\OUTLOOK.EXE
		RemoteMachine = 
		StartingDirectory = C:\Program Files\Microsoft Office 15\root\office15
		Environment = Default
		LaunchingEngine = 92ef0900-2251-11d2-b72e-0000f87572ef
		UseLegacyDebugEngines = No
		LaunchSQLEngine = No
		AttachLaunchAction = No
	EndProjectSection
EndProject
Global
	GlobalSection(SolutionConfigurationPlatforms) = preSolution
		Debug|Any CPU = Debug|Any CPU
		Debug|Mixed Platforms = Debug|Mixed Platforms
		Debug|x64 = Debug|x64
		Release|Any CPU = Release|Any CPU
		Release|Mixed Platforms = Release|Mixed Platforms
		Release|x64 = Release|x64
	EndGlobalSection
	GlobalSection(ProjectConfigurationPlatforms) = postSolution
		{56E21F7A-5816-4D54-AFE0-8C066F0CD87B}.Debug|Any CPU.ActiveCfg = Debug|Any CPU
		{56E21F7A-5816-4D54-AFE0-8C066F0CD87B}.Debug|Any CPU.Build.0 = Debug|Any CPU
		{56E21F7A-5816-4D54-AFE0-8C066F0CD87B}.Debug|Mixed Platforms.ActiveCfg = Debug|Any CPU
		{56E21F7A-5816-4D54-AFE0-8C066F0CD87B}.Debug|Mixed Platforms.Build.0 = Debug|Any CPU
		{56E21F7A-5816-4D54-AFE0-8C066F0CD87B}.Debug|x64.ActiveCfg = Debug|Any CPU
		{56E21F7A-5816-4D54-AFE0-8C066F0CD87B}.Release|Any CPU.ActiveCfg = Release|Any CPU
		{56E21F7A-5816-4D54-AFE0-8C066F0CD87B}.Release|Any CPU.Build.0 = Release|Any CPU
		{56E21F7A-5816-4D54-AFE0-8C066F0CD87B}.Release|Mixed Platforms.ActiveCfg = Release|Any CPU
		{56E21F7A-5816-4D54-AFE0-8C066F0CD87B}.Release|Mixed Platforms.Build.0 = Release|Any CPU
		{56E21F7A-5816-4D54-AFE0-8C066F0CD87B}.Release|x64.ActiveCfg = Release|Any CPU
		{8AF67565-8228-47D6-92E9-3598F457F635}.Debug|Any CPU.ActiveCfg = Debug
		{8AF67565-8228-47D6-92E9-3598F457F635}.Debug|Mixed Platforms.ActiveCfg = Debug
		{8AF67565-8228-47D6-92E9-3598F457F635}.Debug|x64.ActiveCfg = Debug
		{8AF67565-8228-47D6-92E9-3598F457F635}.Release|Any CPU.ActiveCfg = Debug
		{8AF67565-8228-47D6-92E9-3598F457F635}.Release|Mixed Platforms.ActiveCfg = Debug
		{8AF67565-8228-47D6-92E9-3598F457F635}.Release|x64.ActiveCfg = Debug
	EndGlobalSection
	GlobalSection(SolutionProperties) = preSolution
		HideSolutionNode = FALSE
	EndGlobalSection
EndGlobal
